
Microsoft Visual Studio Solution File, Format Version 12.00
# Visual Studio Version 16
VisualStudioVersion = 16.0.30225.117
MinimumVisualStudioVersion = 10.0.40219.1
Project("{FAE04EC0-301F-11D3-BF4B-00C04F79EFBC}") = "Task_1", "Task_1.1\Task_1.csproj", "{485AF868-B1EC-41D3-9000-8D4A957B1A15}"
EndProject
Project("{FAE04EC0-301F-11D3-BF4B-00C04F79EFBC}") = "Task_2", "Task_2\Task_2.csproj", "{D91F9C24-6349-445B-B830-431734BA87EF}"
EndProject
Global
	GlobalSection(SolutionConfigurationPlatforms) = preSolution
		Debug|Any CPU = Debug|Any CPU
		Release|Any CPU = Release|Any CPU
	EndGlobalSection
	GlobalSection(ProjectConfigurationPlatforms) = postSolution
		{485AF868-B1EC-41D3-9000-8D4A957B1A15}.Debug|Any CPU.ActiveCfg = Debug|Any CPU
		{485AF868-B1EC-41D3-9000-8D4A957B1A15}.Debug|Any CPU.Build.0 = Debug|Any CPU
		{485AF868-B1EC-41D3-9000-8D4A957B1A15}.Release|Any CPU.ActiveCfg = Release|Any CPU
		{485AF868-B1EC-41D3-9000-8D4A957B1A15}.Release|Any CPU.Build.0 = Release|Any CPU
		{D91F9C24-6349-445B-B830-431734BA87EF}.Debug|Any CPU.ActiveCfg = Debug|Any CPU
		{D91F9C24-6349-445B-B830-431734BA87EF}.Debug|Any CPU.Build.0 = Debug|Any CPU
		{D91F9C24-6349-445B-B830-431734BA87EF}.Release|Any CPU.ActiveCfg = Release|Any CPU
		{D91F9C24-6349-445B-B830-431734BA87EF}.Release|Any CPU.Build.0 = Release|Any CPU
	EndGlobalSection
	GlobalSection(SolutionProperties) = preSolution
		HideSolutionNode = FALSE
	EndGlobalSection
	GlobalSection(ExtensibilityGlobals) = postSolution
		SolutionGuid = {8E94D457-4A18-4A27-8E4C-CC678B019E87}
	EndGlobalSection
EndGlobal
